
Microsoft Visual Studio Solution File, Format Version 12.00
# Visual Studio Version 16
VisualStudioVersion = 16.0.29215.179
MinimumVisualStudioVersion = 10.0.40219.1
Project("{FAE04EC0-301F-11D3-BF4B-00C04F79EFBC}") = "Threading", "Threading\Threading.csproj", "{C413A21E-AA9C-4533-A2B3-C04D6067851F}"
EndProject
Global
	GlobalSection(SolutionConfigurationPlatforms) = preSolution
		Debug|Any CPU = Debug|Any CPU
		Release|Any CPU = Release|Any CPU
	EndGlobalSection
	GlobalSection(ProjectConfigurationPlatforms) = postSolution
		{C413A21E-AA9C-4533-A2B3-C04D6067851F}.Debug|Any CPU.ActiveCfg = Debug|Any CPU
		{C413A21E-AA9C-4533-A2B3-C04D6067851F}.Debug|Any CPU.Build.0 = Debug|Any CPU
		{C413A21E-AA9C-4533-A2B3-C04D6067851F}.Release|Any CPU.ActiveCfg = Release|Any CPU
		{C413A21E-AA9C-4533-A2B3-C04D6067851F}.Release|Any CPU.Build.0 = Release|Any CPU
	EndGlobalSection
	GlobalSection(SolutionProperties) = preSolution
		HideSolutionNode = FALSE
	EndGlobalSection
	GlobalSection(ExtensibilityGlobals) = postSolution
		SolutionGuid = {2ED0D6DC-D77D-493B-9A3B-346F80273427}
	EndGlobalSection
EndGlobal
